
Microsoft Visual Studio Solution File, Format Version 12.00
# Visual Studio Version 17
VisualStudioVersion = 17.0.31903.59
MinimumVisualStudioVersion = 10.0.40219.1
Project("{FAE04EC0-301F-11D3-BF4B-00C04F79EFBC}") = "RequestService", "Services\Request\RequestService.csproj", "{F635B136-829F-4A39-9B99-FD967ECBFB12}"
EndProject
Project("{FAE04EC0-301F-11D3-BF4B-00C04F79EFBC}") = "ResourceService", "Services\Resource\ResourceService.csproj", "{C42B73D7-0E57-4765-ACD5-581B9215F2E6}"
EndProject
Project("{FAE04EC0-301F-11D3-BF4B-00C04F79EFBC}") = "UserService", "Services\User\UserService.csproj", "{5D313343-2E03-4221-9CF0-D76A4069859C}"
EndProject
Project("{E53339B2-1760-4266-BCC7-CA923CBCF16C}") = "docker-compose", "docker-compose.dcproj", "{C423C45F-8DBE-4850-8609-F6B5CACA12EC}"
EndProject
Project("{2150E333-8FDC-42A3-9474-1A3956D46DE8}") = "Solution Items", "Solution Items", "{30F19871-8A0F-48E6-9E23-C69EB239D16E}"
	ProjectSection(SolutionItems) = preProject
		README.md = README.md
		k8s\request-service-deployment.yaml = k8s\request-service-deployment.yaml
	EndProjectSection
EndProject
Project("{FAE04EC0-301F-11D3-BF4B-00C04F79EFBC}") = "RequestManagementAPIGateway", "Services\RequestManagementAPIGateway\RequestManagementAPIGateway.csproj", "{7C6885E3-35D4-4FDD-BC20-D7B38A18BF03}"
EndProject
Global
	GlobalSection(SolutionConfigurationPlatforms) = preSolution
		Debug|Any CPU = Debug|Any CPU
		Release|Any CPU = Release|Any CPU
	EndGlobalSection
	GlobalSection(SolutionProperties) = preSolution
		HideSolutionNode = FALSE
	EndGlobalSection
	GlobalSection(ProjectConfigurationPlatforms) = postSolution
		{F635B136-829F-4A39-9B99-FD967ECBFB12}.Debug|Any CPU.ActiveCfg = Debug|Any CPU
		{F635B136-829F-4A39-9B99-FD967ECBFB12}.Debug|Any CPU.Build.0 = Debug|Any CPU
		{F635B136-829F-4A39-9B99-FD967ECBFB12}.Release|Any CPU.ActiveCfg = Release|Any CPU
		{F635B136-829F-4A39-9B99-FD967ECBFB12}.Release|Any CPU.Build.0 = Release|Any CPU
		{C42B73D7-0E57-4765-ACD5-581B9215F2E6}.Debug|Any CPU.ActiveCfg = Debug|Any CPU
		{C42B73D7-0E57-4765-ACD5-581B9215F2E6}.Debug|Any CPU.Build.0 = Debug|Any CPU
		{C42B73D7-0E57-4765-ACD5-581B9215F2E6}.Release|Any CPU.ActiveCfg = Release|Any CPU
		{C42B73D7-0E57-4765-ACD5-581B9215F2E6}.Release|Any CPU.Build.0 = Release|Any CPU
		{5D313343-2E03-4221-9CF0-D76A4069859C}.Debug|Any CPU.ActiveCfg = Debug|Any CPU
		{5D313343-2E03-4221-9CF0-D76A4069859C}.Debug|Any CPU.Build.0 = Debug|Any CPU
		{5D313343-2E03-4221-9CF0-D76A4069859C}.Release|Any CPU.ActiveCfg = Release|Any CPU
		{5D313343-2E03-4221-9CF0-D76A4069859C}.Release|Any CPU.Build.0 = Release|Any CPU
		{C423C45F-8DBE-4850-8609-F6B5CACA12EC}.Debug|Any CPU.ActiveCfg = Debug|Any CPU
		{C423C45F-8DBE-4850-8609-F6B5CACA12EC}.Debug|Any CPU.Build.0 = Debug|Any CPU
		{C423C45F-8DBE-4850-8609-F6B5CACA12EC}.Release|Any CPU.ActiveCfg = Release|Any CPU
		{C423C45F-8DBE-4850-8609-F6B5CACA12EC}.Release|Any CPU.Build.0 = Release|Any CPU
		{7C6885E3-35D4-4FDD-BC20-D7B38A18BF03}.Debug|Any CPU.ActiveCfg = Debug|Any CPU
		{7C6885E3-35D4-4FDD-BC20-D7B38A18BF03}.Debug|Any CPU.Build.0 = Debug|Any CPU
		{7C6885E3-35D4-4FDD-BC20-D7B38A18BF03}.Release|Any CPU.ActiveCfg = Release|Any CPU
		{7C6885E3-35D4-4FDD-BC20-D7B38A18BF03}.Release|Any CPU.Build.0 = Release|Any CPU
	EndGlobalSection
EndGlobal
